PODS:
  - Alamofire (5.4.3)
  - BarcodeScanner (5.0.0)
  - FlagPhoneNumber (0.8.0):
    - FlagPhoneNumber/libPhoneNumberiOS (= 0.8.0)
  - FlagPhoneNumber/libPhoneNumberiOS (0.8.0)
  - lottie-ios (3.2.3)
  - PageControls (1.0.1):
    - PageControls/FilledPageControl (= 1.0.1)
    - PageControls/PillPageControl (= 1.0.1)
    - PageControls/ScrollingPageControl (= 1.0.1)
    - PageControls/SnakePageControl (= 1.0.1)
  - PageControls/FilledPageControl (1.0.1)
  - PageControls/PillPageControl (1.0.1)
  - PageControls/ScrollingPageControl (1.0.1)
  - PageControls/SnakePageControl (1.0.1)
  - SnapKit (5.0.1)
  - SwiftyJSON (5.0.1)

DEPENDENCIES:
  - Alamofire
  - BarcodeScanner
  - FlagPhoneNumber
  - lottie-ios
  - PageControls
  - SnapKit
  - SwiftyJSON

SPEC REPOS:
  trunk:
    - Alamofire
    - BarcodeScanner
    - FlagPhoneNumber
    - lottie-ios
    - PageControls
    - SnapKit
    - SwiftyJSON

SPEC CHECKSUMS:
  Alamofire: e447a2774a40c996748296fa2c55112fdbbc42f9
  BarcodeScanner: 2f5a53198eae49dc39bf61f2c1f05c04e01ff72d
  FlagPhoneNumber: 3712455b95f66cb0f2016fef7d9e34cddf8c7f9a
  lottie-ios: c058aeafa76daa4cf64d773554bccc8385d0150e
  PageControls: fc2436c93e79419521a6de5d46d84722593e2949
  SnapKit: 97b92857e3df3a0c71833cce143274bf6ef8e5eb
  SwiftyJSON: 2f33a42c6fbc52764d96f13368585094bfd8aa5e

PODFILE CHECKSUM: 446dcaa1b9996af442c55561711bfb79229dbe5d

COCOAPODS: 1.10.1
